// !$*UTF8*$!
{
	archiveVersion = 1;
	classes = {
	};
	objectVersion = 56;
	objects = {

/* Begin PBXBuildFile section */
		EA016CE02B23BA8E008AE6AB /* BenjaminApp.swift in Sources */ = {isa = PBXBuildFile; fileRef = EA016CDF2B23BA8E008AE6AB /* BenjaminApp.swift */; };
		EA016CE22B23BA8E008AE6AB /* ContentView.swift in Sources */ = {isa = PBXBuildFile; fileRef = EA016CE12B23BA8E008AE6AB /* ContentView.swift */; };
		EA016CE42B23BA90008AE6AB /* Assets.xcassets in Resources */ = {isa = PBXBuildFile; fileRef = EA016CE32B23BA90008AE6AB /* Assets.xcassets */; };
		EA016CE72B23BA90008AE6AB /* Preview Assets.xcassets in Resources */ = {isa = PBXBuildFile; fileRef = EA016CE62B23BA90008AE6AB /* Preview Assets.xcassets */; };
		EA016CEE2B24383B008AE6AB /* Launch Screen.storyboard in Resources */ = {isa = PBXBuildFile; fileRef = EA016CED2B24383A008AE6AB /* Launch Screen.storyboard */; };
		EA016CF02B2438A4008AE6AB /* Onboarding.swift in Sources */ = {isa = PBXBuildFile; fileRef = EA016CEF2B2438A4008AE6AB /* Onboarding.swift */; };
		EA016CF32B243921008AE6AB /* Web3Auth in Frameworks */ = {isa = PBXBuildFile; productRef = EA016CF22B243921008AE6AB /* Web3Auth */; };
		EA016CF72B243B48008AE6AB /* SessionModel.swift in Sources */ = {isa = PBXBuildFile; fileRef = EA016CF62B243B48008AE6AB /* SessionModel.swift */; };
		EA016CF92B243F6E008AE6AB /* SessionView.swift in Sources */ = {isa = PBXBuildFile; fileRef = EA016CF82B243F6E008AE6AB /* SessionView.swift */; };
		EA016CFB2B244003008AE6AB /* Web3Auth.plist in Resources */ = {isa = PBXBuildFile; fileRef = EA016CFA2B244003008AE6AB /* Web3Auth.plist */; };
		EA99520D2B24536300620026 /* Tab.swift in Sources */ = {isa = PBXBuildFile; fileRef = EA99520C2B24536200620026 /* Tab.swift */; };
		EA99520F2B24536F00620026 /* ModelData.swift in Sources */ = {isa = PBXBuildFile; fileRef = EA99520E2B24536F00620026 /* ModelData.swift */; };
		EA9952112B24539600620026 /* Investment.swift in Sources */ = {isa = PBXBuildFile; fileRef = EA9952102B24539600620026 /* Investment.swift */; };
		EA9952172B2453C000620026 /* AssetDetailView.swift in Sources */ = {isa = PBXBuildFile; fileRef = EA9952132B2453C000620026 /* AssetDetailView.swift */; };
		EA9952182B2453C000620026 /* ChartView.swift in Sources */ = {isa = PBXBuildFile; fileRef = EA9952142B2453C000620026 /* ChartView.swift */; };
		EA9952192B2453C000620026 /* HomeView.swift in Sources */ = {isa = PBXBuildFile; fileRef = EA9952152B2453C000620026 /* HomeView.swift */; };
		EA99521A2B2453C000620026 /* LineChartView.swift in Sources */ = {isa = PBXBuildFile; fileRef = EA9952162B2453C000620026 /* LineChartView.swift */; };
		EA99521C2B245A2800620026 /* InvestView.swift in Sources */ = {isa = PBXBuildFile; fileRef = EA99521B2B245A2800620026 /* InvestView.swift */; };
		EA99521E2B24ADBA00620026 /* ApiCalls.swift in Sources */ = {isa = PBXBuildFile; fileRef = EA99521D2B24ADBA00620026 /* ApiCalls.swift */; };
		EA9952202B24AEAB00620026 /* HomeViewModel.swift in Sources */ = {isa = PBXBuildFile; fileRef = EA99521F2B24AEAB00620026 /* HomeViewModel.swift */; };
/* End PBXBuildFile section */

/* Begin PBXFileReference section */
		EA016CDC2B23BA8E008AE6AB /* Benjamin.app */ = {isa = PBXFileReference; explicitFileType = wrapper.application; includeInIndex = 0; path = Benjamin.app; sourceTree = BUILT_PRODUCTS_DIR; };
		EA016CDF2B23BA8E008AE6AB /* BenjaminApp.swift */ = {isa = PBXFileReference; lastKnownFileType = sourcecode.swift; path = BenjaminApp.swift; sourceTree = "<group>"; };
		EA016CE12B23BA8E008AE6AB /* ContentView.swift */ = {isa = PBXFileReference; lastKnownFileType = sourcecode.swift; path = ContentView.swift; sourceTree = "<group>"; };
		EA016CE32B23BA90008AE6AB /* Assets.xcassets */ = {isa = PBXFileReference; lastKnownFileType = folder.assetcatalog; path = Assets.xcassets; sourceTree = "<group>"; };
		EA016CE62B23BA90008AE6AB /* Preview Assets.xcassets */ = {isa = PBXFileReference; lastKnownFileType = folder.assetcatalog; path = "Preview Assets.xcassets"; sourceTree = "<group>"; };
		EA016CED2B24383A008AE6AB /* Launch Screen.storyboard */ = {isa = PBXFileReference; fileEncoding = 4; lastKnownFileType = file.storyboard; path = "Launch Screen.storyboard"; sourceTree = "<group>"; };
		EA016CEF2B2438A4008AE6AB /* Onboarding.swift */ = {isa = PBXFileReference; fileEncoding = 4; lastKnownFileType = sourcecode.swift; path = Onboarding.swift; sourceTree = "<group>"; };
		EA016CF62B243B48008AE6AB /* SessionModel.swift */ = {isa = PBXFileReference; fileEncoding = 4; lastKnownFileType = sourcecode.swift; path = SessionModel.swift; sourceTree = "<group>"; };
		EA016CF82B243F6E008AE6AB /* SessionView.swift */ = {isa = PBXFileReference; lastKnownFileType = sourcecode.swift; path = SessionView.swift; sourceTree = "<group>"; };
		EA016CFA2B244003008AE6AB /* Web3Auth.plist */ = {isa = PBXFileReference; fileEncoding = 4; lastKnownFileType = text.plist.xml; path = Web3Auth.plist; sourceTree = "<group>"; };
		EA99520C2B24536200620026 /* Tab.swift */ = {isa = PBXFileReference; fileEncoding = 4; lastKnownFileType = sourcecode.swift; path = Tab.swift; sourceTree = "<group>"; };
		EA99520E2B24536F00620026 /* ModelData.swift */ = {isa = PBXFileReference; fileEncoding = 4; lastKnownFileType = sourcecode.swift; path = ModelData.swift; sourceTree = "<group>"; };
		EA9952102B24539600620026 /* Investment.swift */ = {isa = PBXFileReference; fileEncoding = 4; lastKnownFileType = sourcecode.swift; path = Investment.swift; sourceTree = "<group>"; };
		EA9952132B2453C000620026 /* AssetDetailView.swift */ = {isa = PBXFileReference; fileEncoding = 4; lastKnownFileType = sourcecode.swift; path = AssetDetailView.swift; sourceTree = "<group>"; };
		EA9952142B2453C000620026 /* ChartView.swift */ = {isa = PBXFileReference; fileEncoding = 4; lastKnownFileType = sourcecode.swift; path = ChartView.swift; sourceTree = "<group>"; };
		EA9952152B2453C000620026 /* HomeView.swift */ = {isa = PBXFileReference; fileEncoding = 4; lastKnownFileType = sourcecode.swift; path = HomeView.swift; sourceTree = "<group>"; };
		EA9952162B2453C000620026 /* LineChartView.swift */ = {isa = PBXFileReference; fileEncoding = 4; lastKnownFileType = sourcecode.swift; path = LineChartView.swift; sourceTree = "<group>"; };
		EA99521B2B245A2800620026 /* InvestView.swift */ = {isa = PBXFileReference; lastKnownFileType = sourcecode.swift; path = InvestView.swift; sourceTree = "<group>"; };
		EA99521D2B24ADBA00620026 /* ApiCalls.swift */ = {isa = PBXFileReference; lastKnownFileType = sourcecode.swift; path = ApiCalls.swift; sourceTree = "<group>"; };
		EA99521F2B24AEAB00620026 /* HomeViewModel.swift */ = {isa = PBXFileReference; lastKnownFileType = sourcecode.swift; path = HomeViewModel.swift; sourceTree = "<group>"; };
/* End PBXFileReference section */

/* Begin PBXFrameworksBuildPhase section */
		EA016CD92B23BA8E008AE6AB /* Frameworks */ = {
			isa = PBXFrameworksBuildPhase;
			buildActionMask = 2147483647;
			files = (
				EA016CF32B243921008AE6AB /* Web3Auth in Frameworks */,
			);
			runOnlyForDeploymentPostprocessing = 0;
		};
/* End PBXFrameworksBuildPhase section */

/* Begin PBXGroup section */
		EA016CD32B23BA8E008AE6AB = {
			isa = PBXGroup;
			children = (
				EA016CDE2B23BA8E008AE6AB /* Benjamin */,
				EA016CDD2B23BA8E008AE6AB /* Products */,
			);
			sourceTree = "<group>";
		};
		EA016CDD2B23BA8E008AE6AB /* Products */ = {
			isa = PBXGroup;
			children = (
				EA016CDC2B23BA8E008AE6AB /* Benjamin.app */,
			);
			name = Products;
			sourceTree = "<group>";
		};
		EA016CDE2B23BA8E008AE6AB /* Benjamin */ = {
			isa = PBXGroup;
			children = (
				EA9952122B2453A100620026 /* Models */,
				EA016CF52B243B08008AE6AB /* ViewModel */,
				EA016CF42B243948008AE6AB /* Views */,
				EA016CDF2B23BA8E008AE6AB /* BenjaminApp.swift */,
				EA016CE12B23BA8E008AE6AB /* ContentView.swift */,
				EA99520C2B24536200620026 /* Tab.swift */,
				EA016CF82B243F6E008AE6AB /* SessionView.swift */,
				EA016CE32B23BA90008AE6AB /* Assets.xcassets */,
				EA016CFA2B244003008AE6AB /* Web3Auth.plist */,
				EA016CED2B24383A008AE6AB /* Launch Screen.storyboard */,
				EA016CE52B23BA90008AE6AB /* Preview Content */,
			);
			path = Benjamin;
			sourceTree = "<group>";
		};
		EA016CE52B23BA90008AE6AB /* Preview Content */ = {
			isa = PBXGroup;
			children = (
				EA016CE62B23BA90008AE6AB /* Preview Assets.xcassets */,
			);
			path = "Preview Content";
			sourceTree = "<group>";
		};
		EA016CF42B243948008AE6AB /* Views */ = {
			isa = PBXGroup;
			children = (
				EA9952132B2453C000620026 /* AssetDetailView.swift */,
				EA9952142B2453C000620026 /* ChartView.swift */,
				EA9952152B2453C000620026 /* HomeView.swift */,
				EA9952162B2453C000620026 /* LineChartView.swift */,
				EA016CEF2B2438A4008AE6AB /* Onboarding.swift */,
				EA99521B2B245A2800620026 /* InvestView.swift */,
			);
			path = Views;
			sourceTree = "<group>";
		};
		EA016CF52B243B08008AE6AB /* ViewModel */ = {
			isa = PBXGroup;
			children = (
				EA99520E2B24536F00620026 /* ModelData.swift */,
				EA016CF62B243B48008AE6AB /* SessionModel.swift */,
				EA99521F2B24AEAB00620026 /* HomeViewModel.swift */,
			);
			path = ViewModel;
			sourceTree = "<group>";
		};
		EA9952122B2453A100620026 /* Models */ = {
			isa = PBXGroup;
			children = (
				EA9952102B24539600620026 /* Investment.swift */,
				EA99521D2B24ADBA00620026 /* ApiCalls.swift */,
			);
			path = Models;
			sourceTree = "<group>";
		};
/* End PBXGroup section */

/* Begin PBXNativeTarget section */
		EA016CDB2B23BA8E008AE6AB /* Benjamin */ = {
			isa = PBXNativeTarget;
			buildConfigurationList = EA016CEA2B23BA90008AE6AB /* Build configuration list for PBXNativeTarget "Benjamin" */;
			buildPhases = (
				EA016CD82B23BA8E008AE6AB /* Sources */,
				EA016CD92B23BA8E008AE6AB /* Frameworks */,
				EA016CDA2B23BA8E008AE6AB /* Resources */,
			);
			buildRules = (
			);
			dependencies = (
			);
			name = Benjamin;
			packageProductDependencies = (
				EA016CF22B243921008AE6AB /* Web3Auth */,
			);
			productName = Benjamin;
			productReference = EA016CDC2B23BA8E008AE6AB /* Benjamin.app */;
			productType = "com.apple.product-type.application";
		};
/* End PBXNativeTarget section */

/* Begin PBXProject section */
		EA016CD42B23BA8E008AE6AB /* Project object */ = {
			isa = PBXProject;
			attributes = {
				BuildIndependentTargetsInParallel = 1;
				LastSwiftUpdateCheck = 1500;
				LastUpgradeCheck = 1500;
				TargetAttributes = {
					EA016CDB2B23BA8E008AE6AB = {
						CreatedOnToolsVersion = 15.0.1;
					};
				};
			};
			buildConfigurationList = EA016CD72B23BA8E008AE6AB /* Build configuration list for PBXProject "Benjamin" */;
			compatibilityVersion = "Xcode 14.0";
			developmentRegion = en;
			hasScannedForEncodings = 0;
			knownRegions = (
				en,
				Base,
			);
			mainGroup = EA016CD32B23BA8E008AE6AB;
			packageReferences = (
				EA016CF12B243921008AE6AB /* XCRemoteSwiftPackageReference "web3auth-swift-sdk" */,
			);
			productRefGroup = EA016CDD2B23BA8E008AE6AB /* Products */;
			projectDirPath = "";
			projectRoot = "";
			targets = (
				EA016CDB2B23BA8E008AE6AB /* Benjamin */,
			);
		};
/* End PBXProject section */

/* Begin PBXResourcesBuildPhase section */
		EA016CDA2B23BA8E008AE6AB /* Resources */ = {
			isa = PBXResourcesBuildPhase;
			buildActionMask = 2147483647;
			files = (
				EA016CEE2B24383B008AE6AB /* Launch Screen.storyboard in Resources */,
				EA016CE72B23BA90008AE6AB /* Preview Assets.xcassets in Resources */,
				EA016CE42B23BA90008AE6AB /* Assets.xcassets in Resources */,
				EA016CFB2B244003008AE6AB /* Web3Auth.plist in Resources */,
			);
			runOnlyForDeploymentPostprocessing = 0;
		};
/* End PBXResourcesBuildPhase section */

/* Begin PBXSourcesBuildPhase section */
		EA016CD82B23BA8E008AE6AB /* Sources */ = {
			isa = PBXSourcesBuildPhase;
			buildActionMask = 2147483647;
			files = (
				EA99521E2B24ADBA00620026 /* ApiCalls.swift in Sources */,
				EA9952112B24539600620026 /* Investment.swift in Sources */,
				EA9952182B2453C000620026 /* ChartView.swift in Sources */,
				EA016CF02B2438A4008AE6AB /* Onboarding.swift in Sources */,
				EA99520D2B24536300620026 /* Tab.swift in Sources */,
				EA016CF92B243F6E008AE6AB /* SessionView.swift in Sources */,
				EA9952172B2453C000620026 /* AssetDetailView.swift in Sources */,
				EA016CE22B23BA8E008AE6AB /* ContentView.swift in Sources */,
				EA99521C2B245A2800620026 /* InvestView.swift in Sources */,
				EA99521A2B2453C000620026 /* LineChartView.swift in Sources */,
				EA016CF72B243B48008AE6AB /* SessionModel.swift in Sources */,
				EA9952192B2453C000620026 /* HomeView.swift in Sources */,
				EA016CE02B23BA8E008AE6AB /* BenjaminApp.swift in Sources */,
				EA9952202B24AEAB00620026 /* HomeViewModel.swift in Sources */,
				EA99520F2B24536F00620026 /* ModelData.swift in Sources */,
			);
			runOnlyForDeploymentPostprocessing = 0;
		};
/* End PBXSourcesBuildPhase section */

/* Begin XCBuildConfiguration section */
		EA016CE82B23BA90008AE6AB /* Debug */ = {
			isa = XCBuildConfiguration;
			buildSettings = {
				ALWAYS_SEARCH_USER_PATHS = NO;
				ASSETCATALOG_COMPILER_GENERATE_SWIFT_ASSET_SYMBOL_EXTENSIONS = YES;
				CLANG_ANALYZER_NONNULL = YES;
				CLANG_ANALYZER_NUMBER_OBJECT_CONVERSION = YES_AGGRESSIVE;
				CLANG_CXX_LANGUAGE_STANDARD = "gnu++20";
				CLANG_ENABLE_MODULES = YES;
				CLANG_ENABLE_OBJC_ARC = YES;
				CLANG_ENABLE_OBJC_WEAK = YES;
				CLANG_WARN_BLOCK_CAPTURE_AUTORELEASING = YES;
				CLANG_WARN_BOOL_CONVERSION = YES;
				CLANG_WARN_COMMA = YES;
				CLANG_WARN_CONSTANT_CONVERSION = YES;
				CLANG_WARN_DEPRECATED_OBJC_IMPLEMENTATIONS = YES;
				CLANG_WARN_DIRECT_OBJC_ISA_USAGE = YES_ERROR;
				CLANG_WARN_DOCUMENTATION_COMMENTS = YES;
				CLANG_WARN_EMPTY_BODY = YES;
				CLANG_WARN_ENUM_CONVERSION = YES;
				CLANG_WARN_INFINITE_RECURSION = YES;
				CLANG_WARN_INT_CONVERSION = YES;
				CLANG_WARN_NON_LITERAL_NULL_CONVERSION = YES;
				CLANG_WARN_OBJC_IMPLICIT_RETAIN_SELF = YES;
				CLANG_WARN_OBJC_LITERAL_CONVERSION = YES;
				CLANG_WARN_OBJC_ROOT_CLASS = YES_ERROR;
				CLANG_WARN_QUOTED_INCLUDE_IN_FRAMEWORK_HEADER = YES;
				CLANG_WARN_RANGE_LOOP_ANALYSIS = YES;
				CLANG_WARN_STRICT_PROTOTYPES = YES;
				CLANG_WARN_SUSPICIOUS_MOVE = YES;
				CLANG_WARN_UNGUARDED_AVAILABILITY = YES_AGGRESSIVE;
				CLANG_WARN_UNREACHABLE_CODE = YES;
				CLANG_WARN__DUPLICATE_METHOD_MATCH = YES;
				COPY_PHASE_STRIP = NO;
				DEBUG_INFORMATION_FORMAT = dwarf;
				ENABLE_STRICT_OBJC_MSGSEND = YES;
				ENABLE_TESTABILITY = YES;
				ENABLE_USER_SCRIPT_SANDBOXING = YES;
				GCC_C_LANGUAGE_STANDARD = gnu17;
				GCC_DYNAMIC_NO_PIC = NO;
				GCC_NO_COMMON_BLOCKS = YES;
				GCC_OPTIMIZATION_LEVEL = 0;
				GCC_PREPROCESSOR_DEFINITIONS = (
					"DEBUG=1",
					"$(inherited)",
				);
				GCC_WARN_64_TO_32_BIT_CONVERSION = YES;
				GCC_WARN_ABOUT_RETURN_TYPE = YES_ERROR;
				GCC_WARN_UNDECLARED_SELECTOR = YES;
				GCC_WARN_UNINITIALIZED_AUTOS = YES_AGGRESSIVE;
				GCC_WARN_UNUSED_FUNCTION = YES;
				GCC_WARN_UNUSED_VARIABLE = YES;
				IPHONEOS_DEPLOYMENT_TARGET = 17.0;
				LOCALIZATION_PREFERS_STRING_CATALOGS = YES;
				MTL_ENABLE_DEBUG_INFO = INCLUDE_SOURCE;
				MTL_FAST_MATH = YES;
				ONLY_ACTIVE_ARCH = YES;
				SDKROOT = iphoneos;
				SWIFT_ACTIVE_COMPILATION_CONDITIONS = "DEBUG $(inherited)";
				SWIFT_OPTIMIZATION_LEVEL = "-Onone";
			};
			name = Debug;
		};
		EA016CE92B23BA90008AE6AB /* Release */ = {
			isa = XCBuildConfiguration;
			buildSettings = {
				ALWAYS_SEARCH_USER_PATHS = NO;
				ASSETCATALOG_COMPILER_GENERATE_SWIFT_ASSET_SYMBOL_EXTENSIONS = YES;
				CLANG_ANALYZER_NONNULL = YES;
				CLANG_ANALYZER_NUMBER_OBJECT_CONVERSION = YES_AGGRESSIVE;
				CLANG_CXX_LANGUAGE_STANDARD = "gnu++20";
				CLANG_ENABLE_MODULES = YES;
				CLANG_ENABLE_OBJC_ARC = YES;
				CLANG_ENABLE_OBJC_WEAK = YES;
				CLANG_WARN_BLOCK_CAPTURE_AUTORELEASING = YES;
				CLANG_WARN_BOOL_CONVERSION = YES;
				CLANG_WARN_COMMA = YES;
				CLANG_WARN_CONSTANT_CONVERSION = YES;
				CLANG_WARN_DEPRECATED_OBJC_IMPLEMENTATIONS = YES;
				CLANG_WARN_DIRECT_OBJC_ISA_USAGE = YES_ERROR;
				CLANG_WARN_DOCUMENTATION_COMMENTS = YES;
				CLANG_WARN_EMPTY_BODY = YES;
				CLANG_WARN_ENUM_CONVERSION = YES;
				CLANG_WARN_INFINITE_RECURSION = YES;
				CLANG_WARN_INT_CONVERSION = YES;
				CLANG_WARN_NON_LITERAL_NULL_CONVERSION = YES;
				CLANG_WARN_OBJC_IMPLICIT_RETAIN_SELF = YES;
				CLANG_WARN_OBJC_LITERAL_CONVERSION = YES;
				CLANG_WARN_OBJC_ROOT_CLASS = YES_ERROR;
				CLANG_WARN_QUOTED_INCLUDE_IN_FRAMEWORK_HEADER = YES;
				CLANG_WARN_RANGE_LOOP_ANALYSIS = YES;
				CLANG_WARN_STRICT_PROTOTYPES = YES;
				CLANG_WARN_SUSPICIOUS_MOVE = YES;
				CLANG_WARN_UNGUARDED_AVAILABILITY = YES_AGGRESSIVE;
				CLANG_WARN_UNREACHABLE_CODE = YES;
				CLANG_WARN__DUPLICATE_METHOD_MATCH = YES;
				COPY_PHASE_STRIP = NO;
				DEBUG_INFORMATION_FORMAT = "dwarf-with-dsym";
				ENABLE_NS_ASSERTIONS = NO;
				ENABLE_STRICT_OBJC_MSGSEND = YES;
				ENABLE_USER_SCRIPT_SANDBOXING = YES;
				GCC_C_LANGUAGE_STANDARD = gnu17;
				GCC_NO_COMMON_BLOCKS = YES;
				GCC_WARN_64_TO_32_BIT_CONVERSION = YES;
				GCC_WARN_ABOUT_RETURN_TYPE = YES_ERROR;
				GCC_WARN_UNDECLARED_SELECTOR = YES;
				GCC_WARN_UNINITIALIZED_AUTOS = YES_AGGRESSIVE;
				GCC_WARN_UNUSED_FUNCTION = YES;
				GCC_WARN_UNUSED_VARIABLE = YES;
				IPHONEOS_DEPLOYMENT_TARGET = 17.0;
				LOCALIZATION_PREFERS_STRING_CATALOGS = YES;
				MTL_ENABLE_DEBUG_INFO = NO;
				MTL_FAST_MATH = YES;
				SDKROOT = iphoneos;
				SWIFT_COMPILATION_MODE = wholemodule;
				VALIDATE_PRODUCT = YES;
			};
			name = Release;
		};
		EA016CEB2B23BA90008AE6AB /* Debug */ = {
			isa = XCBuildConfiguration;
			buildSettings = {
				ASSETCATALOG_COMPILER_APPICON_NAME = AppIcon;
				ASSETCATALOG_COMPILER_GLOBAL_ACCENT_COLOR_NAME = AccentColor;
				CODE_SIGN_STYLE = Automatic;
				CURRENT_PROJECT_VERSION = 1;
				DEVELOPMENT_ASSET_PATHS = "\"Benjamin/Preview Content\"";
				DEVELOPMENT_TEAM = J3LH4H9AA4;
				ENABLE_PREVIEWS = YES;
				GENERATE_INFOPLIST_FILE = YES;
				INFOPLIST_KEY_UIApplicationSceneManifest_Generation = YES;
				INFOPLIST_KEY_UIApplicationSupportsIndirectInputEvents = YES;
				INFOPLIST_KEY_UILaunchScreen_Generation = YES;
				INFOPLIST_KEY_UILaunchStoryboardName = "Launch Screen.storyboard";
				INFOPLIST_KEY_UISupportedInterfaceOrientations_iPad = "UIInterfaceOrientationPortrait UIInterfaceOrientationPortraitUpsideDown UIInterfaceOrientationLandscapeLeft UIInterfaceOrientationLandscapeRight";
				INFOPLIST_KEY_UISupportedInterfaceOrientations_iPhone = "UIInterfaceOrientationPortrait UIInterfaceOrientationLandscapeLeft UIInterfaceOrientationLandscapeRight";
				LD_RUNPATH_SEARCH_PATHS = (
					"$(inherited)",
					"@executable_path/Frameworks",
				);
				MARKETING_VERSION = 1.0;
				PRODUCT_BUNDLE_IDENTIFIER = com.beauth.benjamin1;
				PRODUCT_NAME = "$(TARGET_NAME)";
				SWIFT_EMIT_LOC_STRINGS = YES;
				SWIFT_VERSION = 5.0;
				TARGETED_DEVICE_FAMILY = "1,2";
			};
			name = Debug;
		};
		EA016CEC2B23BA90008AE6AB /* Release */ = {
			isa = XCBuildConfiguration;
			buildSettings = {
				ASSETCATALOG_COMPILER_APPICON_NAME = AppIcon;
				ASSETCATALOG_COMPILER_GLOBAL_ACCENT_COLOR_NAME = AccentColor;
				CODE_SIGN_STYLE = Automatic;
				CURRENT_PROJECT_VERSION = 1;
				DEVELOPMENT_ASSET_PATHS = "\"Benjamin/Preview Content\"";
				DEVELOPMENT_TEAM = J3LH4H9AA4;
				ENABLE_PREVIEWS = YES;
				GENERATE_INFOPLIST_FILE = YES;
				INFOPLIST_KEY_UIApplicationSceneManifest_Generation = YES;
				INFOPLIST_KEY_UIApplicationSupportsIndirectInputEvents = YES;
				INFOPLIST_KEY_UILaunchScreen_Generation = YES;
				INFOPLIST_KEY_UILaunchStoryboardName = "Launch Screen.storyboard";
				INFOPLIST_KEY_UISupportedInterfaceOrientations_iPad = "UIInterfaceOrientationPortrait UIInterfaceOrientationPortraitUpsideDown UIInterfaceOrientationLandscapeLeft UIInterfaceOrientationLandscapeRight";
				INFOPLIST_KEY_UISupportedInterfaceOrientations_iPhone = "UIInterfaceOrientationPortrait UIInterfaceOrientationLandscapeLeft UIInterfaceOrientationLandscapeRight";
				LD_RUNPATH_SEARCH_PATHS = (
					"$(inherited)",
					"@executable_path/Frameworks",
				);
				MARKETING_VERSION = 1.0;
				PRODUCT_BUNDLE_IDENTIFIER = com.beauth.benjamin1;
				PRODUCT_NAME = "$(TARGET_NAME)";
				SWIFT_EMIT_LOC_STRINGS = YES;
				SWIFT_VERSION = 5.0;
				TARGETED_DEVICE_FAMILY = "1,2";
			};
			name = Release;
		};
/* End XCBuildConfiguration section */

/* Begin XCConfigurationList section */
		EA016CD72B23BA8E008AE6AB /* Build configuration list for PBXProject "Benjamin" */ = {
			isa = XCConfigurationList;
			buildConfigurations = (
				EA016CE82B23BA90008AE6AB /* Debug */,
				EA016CE92B23BA90008AE6AB /* Release */,
			);
			defaultConfigurationIsVisible = 0;
			defaultConfigurationName = Release;
		};
		EA016CEA2B23BA90008AE6AB /* Build configuration list for PBXNativeTarget "Benjamin" */ = {
			isa = XCConfigurationList;
			buildConfigurations = (
				EA016CEB2B23BA90008AE6AB /* Debug */,
				EA016CEC2B23BA90008AE6AB /* Release */,
			);
			defaultConfigurationIsVisible = 0;
			defaultConfigurationName = Release;
		};
/* End XCConfigurationList section */

/* Begin XCRemoteSwiftPackageReference section */
		EA016CF12B243921008AE6AB /* XCRemoteSwiftPackageReference "web3auth-swift-sdk" */ = {
			isa = XCRemoteSwiftPackageReference;
			repositoryURL = "https://github.com/web3auth/web3auth-swift-sdk";
			requirement = {
				kind = upToNextMajorVersion;
				minimumVersion = 7.4.1;
			};
		};
/* End XCRemoteSwiftPackageReference section */

/* Begin XCSwiftPackageProductDependency section */
		EA016CF22B243921008AE6AB /* Web3Auth */ = {
			isa = XCSwiftPackageProductDependency;
			package = EA016CF12B243921008AE6AB /* XCRemoteSwiftPackageReference "web3auth-swift-sdk" */;
			productName = Web3Auth;
		};
/* End XCSwiftPackageProductDependency section */
	};
	rootObject = EA016CD42B23BA8E008AE6AB /* Project object */;
}
